// !$*UTF8*$!
{
	archiveVersion = 1;
	classes = {
	};
	objectVersion = 56;
	objects = {

/* Begin PBXBuildFile section */
		A96695F02C89F3C60038FBB4 /* PhotoPickerDay77App.swift in Sources */ = {isa = PBXBuildFile; fileRef = A96695EF2C89F3C60038FBB4 /* PhotoPickerDay77App.swift */; };
		A96695F22C89F3C60038FBB4 /* ContentView.swift in Sources */ = {isa = PBXBuildFile; fileRef = A96695F12C89F3C60038FBB4 /* ContentView.swift */; };
		A96695F42C89F3C80038FBB4 /* Assets.xcassets in Resources */ = {isa = PBXBuildFile; fileRef = A96695F32C89F3C80038FBB4 /* Assets.xcassets */; };
		A96695F72C89F3C80038FBB4 /* Preview Assets.xcassets in Resources */ = {isa = PBXBuildFile; fileRef = A96695F62C89F3C80038FBB4 /* Preview Assets.xcassets */; };
		A96695FE2C89F9C50038FBB4 /* UserImage.swift in Sources */ = {isa = PBXBuildFile; fileRef = A96695FD2C89F9C50038FBB4 /* UserImage.swift */; };
		A96696002C89FA5B0038FBB4 /* AddPhotoView.swift in Sources */ = {isa = PBXBuildFile; fileRef = A96695FF2C89FA5B0038FBB4 /* AddPhotoView.swift */; };
		A96696022C8A14D00038FBB4 /* PhotoDetailView.swift in Sources */ = {isa = PBXBuildFile; fileRef = A96696012C8A14D00038FBB4 /* PhotoDetailView.swift */; };
		A96696042C8A18A90038FBB4 /* LocationFetcher.swift in Sources */ = {isa = PBXBuildFile; fileRef = A96696032C8A18A90038FBB4 /* LocationFetcher.swift */; };
/* End PBXBuildFile section */

/* Begin PBXFileReference section */
		A96695EC2C89F3C60038FBB4 /* PhotoPickerDay77.app */ = {isa = PBXFileReference; explicitFileType = wrapper.application; includeInIndex = 0; path = PhotoPickerDay77.app; sourceTree = BUILT_PRODUCTS_DIR; };
		A96695EF2C89F3C60038FBB4 /* PhotoPickerDay77App.swift */ = {isa = PBXFileReference; lastKnownFileType = sourcecode.swift; path = PhotoPickerDay77App.swift; sourceTree = "<group>"; };
		A96695F12C89F3C60038FBB4 /* ContentView.swift */ = {isa = PBXFileReference; lastKnownFileType = sourcecode.swift; path = ContentView.swift; sourceTree = "<group>"; };
		A96695F32C89F3C80038FBB4 /* Assets.xcassets */ = {isa = PBXFileReference; lastKnownFileType = folder.assetcatalog; path = Assets.xcassets; sourceTree = "<group>"; };
		A96695F62C89F3C80038FBB4 /* Preview Assets.xcassets */ = {isa = PBXFileReference; lastKnownFileType = folder.assetcatalog; path = "Preview Assets.xcassets"; sourceTree = "<group>"; };
		A96695FD2C89F9C50038FBB4 /* UserImage.swift */ = {isa = PBXFileReference; lastKnownFileType = sourcecode.swift; path = UserImage.swift; sourceTree = "<group>"; };
		A96695FF2C89FA5B0038FBB4 /* AddPhotoView.swift */ = {isa = PBXFileReference; lastKnownFileType = sourcecode.swift; path = AddPhotoView.swift; sourceTree = "<group>"; };
		A96696012C8A14D00038FBB4 /* PhotoDetailView.swift */ = {isa = PBXFileReference; lastKnownFileType = sourcecode.swift; path = PhotoDetailView.swift; sourceTree = "<group>"; };
		A96696032C8A18A90038FBB4 /* LocationFetcher.swift */ = {isa = PBXFileReference; lastKnownFileType = sourcecode.swift; path = LocationFetcher.swift; sourceTree = "<group>"; };
		A96696052C8A87650038FBB4 /* Info.plist */ = {isa = PBXFileReference; lastKnownFileType = text.plist; path = Info.plist; sourceTree = "<group>"; };
/* End PBXFileReference section */

/* Begin PBXFrameworksBuildPhase section */
		A96695E92C89F3C60038FBB4 /* Frameworks */ = {
			isa = PBXFrameworksBuildPhase;
			buildActionMask = 2147483647;
			files = (
			);
			runOnlyForDeploymentPostprocessing = 0;
		};
/* End PBXFrameworksBuildPhase section */

/* Begin PBXGroup section */
		A96695E32C89F3C60038FBB4 = {
			isa = PBXGroup;
			children = (
				A96695EE2C89F3C60038FBB4 /* PhotoPickerDay77 */,
				A96695ED2C89F3C60038FBB4 /* Products */,
			);
			sourceTree = "<group>";
		};
		A96695ED2C89F3C60038FBB4 /* Products */ = {
			isa = PBXGroup;
			children = (
				A96695EC2C89F3C60038FBB4 /* PhotoPickerDay77.app */,
			);
			name = Products;
			sourceTree = "<group>";
		};
		A96695EE2C89F3C60038FBB4 /* PhotoPickerDay77 */ = {
			isa = PBXGroup;
			children = (
				A96696052C8A87650038FBB4 /* Info.plist */,
				A96695EF2C89F3C60038FBB4 /* PhotoPickerDay77App.swift */,
				A96695F12C89F3C60038FBB4 /* ContentView.swift */,
				A96696012C8A14D00038FBB4 /* PhotoDetailView.swift */,
				A96696032C8A18A90038FBB4 /* LocationFetcher.swift */,
				A96695FF2C89FA5B0038FBB4 /* AddPhotoView.swift */,
				A96695FD2C89F9C50038FBB4 /* UserImage.swift */,
				A96695F32C89F3C80038FBB4 /* Assets.xcassets */,
				A96695F52C89F3C80038FBB4 /* Preview Content */,
			);
			path = PhotoPickerDay77;
			sourceTree = "<group>";
		};
		A96695F52C89F3C80038FBB4 /* Preview Content */ = {
			isa = PBXGroup;
			children = (
				A96695F62C89F3C80038FBB4 /* Preview Assets.xcassets */,
			);
			path = "Preview Content";
			sourceTree = "<group>";
		};
/* End PBXGroup section */

/* Begin PBXNativeTarget section */
		A96695EB2C89F3C60038FBB4 /* PhotoPickerDay77 */ = {
			isa = PBXNativeTarget;
			buildConfigurationList = A96695FA2C89F3C80038FBB4 /* Build configuration list for PBXNativeTarget "PhotoPickerDay77" */;
			buildPhases = (
				A96695E82C89F3C60038FBB4 /* Sources */,
				A96695E92C89F3C60038FBB4 /* Frameworks */,
				A96695EA2C89F3C60038FBB4 /* Resources */,
			);
			buildRules = (
			);
			dependencies = (
			);
			name = PhotoPickerDay77;
			productName = PhotoPickerDay77;
			productReference = A96695EC2C89F3C60038FBB4 /* PhotoPickerDay77.app */;
			productType = "com.apple.product-type.application";
		};
/* End PBXNativeTarget section */

/* Begin PBXProject section */
		A96695E42C89F3C60038FBB4 /* Project object */ = {
			isa = PBXProject;
			attributes = {
				BuildIndependentTargetsInParallel = 1;
				LastSwiftUpdateCheck = 1530;
				LastUpgradeCheck = 1530;
				TargetAttributes = {
					A96695EB2C89F3C60038FBB4 = {
						CreatedOnToolsVersion = 15.3;
					};
				};
			};
			buildConfigurationList = A96695E72C89F3C60038FBB4 /* Build configuration list for PBXProject "PhotoPickerDay77" */;
			compatibilityVersion = "Xcode 14.0";
			developmentRegion = en;
			hasScannedForEncodings = 0;
			knownRegions = (
				en,
				Base,
			);
			mainGroup = A96695E32C89F3C60038FBB4;
			productRefGroup = A96695ED2C89F3C60038FBB4 /* Products */;
			projectDirPath = "";
			projectRoot = "";
			targets = (
				A96695EB2C89F3C60038FBB4 /* PhotoPickerDay77 */,
			);
		};
/* End PBXProject section */

/* Begin PBXResourcesBuildPhase section */
		A96695EA2C89F3C60038FBB4 /* Resources */ = {
			isa = PBXResourcesBuildPhase;
			buildActionMask = 2147483647;
			files = (
				A96695F72C89F3C80038FBB4 /* Preview Assets.xcassets in Resources */,
				A96695F42C89F3C80038FBB4 /* Assets.xcassets in Resources */,
			);
			runOnlyForDeploymentPostprocessing = 0;
		};
/* End PBXResourcesBuildPhase section */

/* Begin PBXSourcesBuildPhase section */
		A96695E82C89F3C60038FBB4 /* Sources */ = {
			isa = PBXSourcesBuildPhase;
			buildActionMask = 2147483647;
			files = (
				A96695F22C89F3C60038FBB4 /* ContentView.swift in Sources */,
				A96695F02C89F3C60038FBB4 /* PhotoPickerDay77App.swift in Sources */,
				A96696042C8A18A90038FBB4 /* LocationFetcher.swift in Sources */,
				A96695FE2C89F9C50038FBB4 /* UserImage.swift in Sources */,
				A96696022C8A14D00038FBB4 /* PhotoDetailView.swift in Sources */,
				A96696002C89FA5B0038FBB4 /* AddPhotoView.swift in Sources */,
			);
			runOnlyForDeploymentPostprocessing = 0;
		};
/* End PBXSourcesBuildPhase section */

/* Begin XCBuildConfiguration section */
		A96695F82C89F3C80038FBB4 /* Debug */ = {
			isa = XCBuildConfiguration;
			buildSettings = {
				ALWAYS_SEARCH_USER_PATHS = NO;
				ASSETCATALOG_COMPILER_GENERATE_SWIFT_ASSET_SYMBOL_EXTENSIONS = YES;
				CLANG_ANALYZER_NONNULL = YES;
				CLANG_ANALYZER_NUMBER_OBJECT_CONVERSION = YES_AGGRESSIVE;
				CLANG_CXX_LANGUAGE_STANDARD = "gnu++20";
				CLANG_ENABLE_MODULES = YES;
				CLANG_ENABLE_OBJC_ARC = YES;
				CLANG_ENABLE_OBJC_WEAK = YES;
				CLANG_WARN_BLOCK_CAPTURE_AUTORELEASING = YES;
				CLANG_WARN_BOOL_CONVERSION = YES;
				CLANG_WARN_COMMA = YES;
				CLANG_WARN_CONSTANT_CONVERSION = YES;
				CLANG_WARN_DEPRECATED_OBJC_IMPLEMENTATIONS = YES;
				CLANG_WARN_DIRECT_OBJC_ISA_USAGE = YES_ERROR;
				CLANG_WARN_DOCUMENTATION_COMMENTS = YES;
				CLANG_WARN_EMPTY_BODY = YES;
				CLANG_WARN_ENUM_CONVERSION = YES;
				CLANG_WARN_INFINITE_RECURSION = YES;
				CLANG_WARN_INT_CONVERSION = YES;
				CLANG_WARN_NON_LITERAL_NULL_CONVERSION = YES;
				CLANG_WARN_OBJC_IMPLICIT_RETAIN_SELF = YES;
				CLANG_WARN_OBJC_LITERAL_CONVERSION = YES;
				CLANG_WARN_OBJC_ROOT_CLASS = YES_ERROR;
				CLANG_WARN_QUOTED_INCLUDE_IN_FRAMEWORK_HEADER = YES;
				CLANG_WARN_RANGE_LOOP_ANALYSIS = YES;
				CLANG_WARN_STRICT_PROTOTYPES = YES;
				CLANG_WARN_SUSPICIOUS_MOVE = YES;
				CLANG_WARN_UNGUARDED_AVAILABILITY = YES_AGGRESSIVE;
				CLANG_WARN_UNREACHABLE_CODE = YES;
				CLANG_WARN__DUPLICATE_METHOD_MATCH = YES;
				COPY_PHASE_STRIP = NO;
				DEBUG_INFORMATION_FORMAT = dwarf;
				ENABLE_STRICT_OBJC_MSGSEND = YES;
				ENABLE_TESTABILITY = YES;
				ENABLE_USER_SCRIPT_SANDBOXING = YES;
				GCC_C_LANGUAGE_STANDARD = gnu17;
				GCC_DYNAMIC_NO_PIC = NO;
				GCC_NO_COMMON_BLOCKS = YES;
				GCC_OPTIMIZATION_LEVEL = 0;
				GCC_PREPROCESSOR_DEFINITIONS = (
					"DEBUG=1",
					"$(inherited)",
				);
				GCC_WARN_64_TO_32_BIT_CONVERSION = YES;
				GCC_WARN_ABOUT_RETURN_TYPE = YES_ERROR;
				GCC_WARN_UNDECLARED_SELECTOR = YES;
				GCC_WARN_UNINITIALIZED_AUTOS = YES_AGGRESSIVE;
				GCC_WARN_UNUSED_FUNCTION = YES;
				GCC_WARN_UNUSED_VARIABLE = YES;
				IPHONEOS_DEPLOYMENT_TARGET = 17.4;
				LOCALIZATION_PREFERS_STRING_CATALOGS = YES;
				MTL_ENABLE_DEBUG_INFO = INCLUDE_SOURCE;
				MTL_FAST_MATH = YES;
				ONLY_ACTIVE_ARCH = YES;
				SDKROOT = iphoneos;
				SWIFT_ACTIVE_COMPILATION_CONDITIONS = "DEBUG $(inherited)";
				SWIFT_OPTIMIZATION_LEVEL = "-Onone";
			};
			name = Debug;
		};
		A96695F92C89F3C80038FBB4 /* Release */ = {
			isa = XCBuildConfiguration;
			buildSettings = {
				ALWAYS_SEARCH_USER_PATHS = NO;
				ASSETCATALOG_COMPILER_GENERATE_SWIFT_ASSET_SYMBOL_EXTENSIONS = YES;
				CLANG_ANALYZER_NONNULL = YES;
				CLANG_ANALYZER_NUMBER_OBJECT_CONVERSION = YES_AGGRESSIVE;
				CLANG_CXX_LANGUAGE_STANDARD = "gnu++20";
				CLANG_ENABLE_MODULES = YES;
				CLANG_ENABLE_OBJC_ARC = YES;
				CLANG_ENABLE_OBJC_WEAK = YES;
				CLANG_WARN_BLOCK_CAPTURE_AUTORELEASING = YES;
				CLANG_WARN_BOOL_CONVERSION = YES;
				CLANG_WARN_COMMA = YES;
				CLANG_WARN_CONSTANT_CONVERSION = YES;
				CLANG_WARN_DEPRECATED_OBJC_IMPLEMENTATIONS = YES;
				CLANG_WARN_DIRECT_OBJC_ISA_USAGE = YES_ERROR;
				CLANG_WARN_DOCUMENTATION_COMMENTS = YES;
				CLANG_WARN_EMPTY_BODY = YES;
				CLANG_WARN_ENUM_CONVERSION = YES;
				CLANG_WARN_INFINITE_RECURSION = YES;
				CLANG_WARN_INT_CONVERSION = YES;
				CLANG_WARN_NON_LITERAL_NULL_CONVERSION = YES;
				CLANG_WARN_OBJC_IMPLICIT_RETAIN_SELF = YES;
				CLANG_WARN_OBJC_LITERAL_CONVERSION = YES;
				CLANG_WARN_OBJC_ROOT_CLASS = YES_ERROR;
				CLANG_WARN_QUOTED_INCLUDE_IN_FRAMEWORK_HEADER = YES;
				CLANG_WARN_RANGE_LOOP_ANALYSIS = YES;
				CLANG_WARN_STRICT_PROTOTYPES = YES;
				CLANG_WARN_SUSPICIOUS_MOVE = YES;
				CLANG_WARN_UNGUARDED_AVAILABILITY = YES_AGGRESSIVE;
				CLANG_WARN_UNREACHABLE_CODE = YES;
				CLANG_WARN__DUPLICATE_METHOD_MATCH = YES;
				COPY_PHASE_STRIP = NO;
				DEBUG_INFORMATION_FORMAT = "dwarf-with-dsym";
				ENABLE_NS_ASSERTIONS = NO;
				ENABLE_STRICT_OBJC_MSGSEND = YES;
				ENABLE_USER_SCRIPT_SANDBOXING = YES;
				GCC_C_LANGUAGE_STANDARD = gnu17;
				GCC_NO_COMMON_BLOCKS = YES;
				GCC_WARN_64_TO_32_BIT_CONVERSION = YES;
				GCC_WARN_ABOUT_RETURN_TYPE = YES_ERROR;
				GCC_WARN_UNDECLARED_SELECTOR = YES;
				GCC_WARN_UNINITIALIZED_AUTOS = YES_AGGRESSIVE;
				GCC_WARN_UNUSED_FUNCTION = YES;
				GCC_WARN_UNUSED_VARIABLE = YES;
				IPHONEOS_DEPLOYMENT_TARGET = 17.4;
				LOCALIZATION_PREFERS_STRING_CATALOGS = YES;
				MTL_ENABLE_DEBUG_INFO = NO;
				MTL_FAST_MATH = YES;
				SDKROOT = iphoneos;
				SWIFT_COMPILATION_MODE = wholemodule;
				VALIDATE_PRODUCT = YES;
			};
			name = Release;
		};
		A96695FB2C89F3C80038FBB4 /* Debug */ = {
			isa = XCBuildConfiguration;
			buildSettings = {
				ASSETCATALOG_COMPILER_APPICON_NAME = AppIcon;
				ASSETCATALOG_COMPILER_GLOBAL_ACCENT_COLOR_NAME = AccentColor;
				CODE_SIGN_STYLE = Automatic;
				CURRENT_PROJECT_VERSION = 1;
				DEVELOPMENT_ASSET_PATHS = "\"PhotoPickerDay77/Preview Content\"";
				DEVELOPMENT_TEAM = EWUXMHAPLR;
				ENABLE_PREVIEWS = YES;
				GENERATE_INFOPLIST_FILE = YES;
				INFOPLIST_FILE = PhotoPickerDay77/Info.plist;
				INFOPLIST_KEY_NSLocationWhenInUseUsageDescription = "Just checking";
				INFOPLIST_KEY_UIApplicationSceneManifest_Generation = YES;
				INFOPLIST_KEY_UIApplicationSupportsIndirectInputEvents = YES;
				INFOPLIST_KEY_UILaunchScreen_Generation = YES;
				INFOPLIST_KEY_UISupportedInterfaceOrientations_iPad = "UIInterfaceOrientationPortrait UIInterfaceOrientationPortraitUpsideDown UIInterfaceOrientationLandscapeLeft UIInterfaceOrientationLandscapeRight";
				INFOPLIST_KEY_UISupportedInterfaceOrientations_iPhone = "UIInterfaceOrientationPortrait UIInterfaceOrientationLandscapeLeft UIInterfaceOrientationLandscapeRight";
				LD_RUNPATH_SEARCH_PATHS = (
					"$(inherited)",
					"@executable_path/Frameworks",
				);
				MARKETING_VERSION = 1.0;
				PRODUCT_BUNDLE_IDENTIFIER = com.jordanfraughton.PhotoPickerDay77;
				PRODUCT_NAME = "$(TARGET_NAME)";
				SWIFT_EMIT_LOC_STRINGS = YES;
				SWIFT_VERSION = 5.0;
				TARGETED_DEVICE_FAMILY = "1,2";
			};
			name = Debug;
		};
		A96695FC2C89F3C80038FBB4 /* Release */ = {
			isa = XCBuildConfiguration;
			buildSettings = {
				ASSETCATALOG_COMPILER_APPICON_NAME = AppIcon;
				ASSETCATALOG_COMPILER_GLOBAL_ACCENT_COLOR_NAME = AccentColor;
				CODE_SIGN_STYLE = Automatic;
				CURRENT_PROJECT_VERSION = 1;
				DEVELOPMENT_ASSET_PATHS = "\"PhotoPickerDay77/Preview Content\"";
				DEVELOPMENT_TEAM = EWUXMHAPLR;
				ENABLE_PREVIEWS = YES;
				GENERATE_INFOPLIST_FILE = YES;
				INFOPLIST_FILE = PhotoPickerDay77/Info.plist;
				INFOPLIST_KEY_NSLocationWhenInUseUsageDescription = "Just checking";
				INFOPLIST_KEY_UIApplicationSceneManifest_Generation = YES;
				INFOPLIST_KEY_UIApplicationSupportsIndirectInputEvents = YES;
				INFOPLIST_KEY_UILaunchScreen_Generation = YES;
				INFOPLIST_KEY_UISupportedInterfaceOrientations_iPad = "UIInterfaceOrientationPortrait UIInterfaceOrientationPortraitUpsideDown UIInterfaceOrientationLandscapeLeft UIInterfaceOrientationLandscapeRight";
				INFOPLIST_KEY_UISupportedInterfaceOrientations_iPhone = "UIInterfaceOrientationPortrait UIInterfaceOrientationLandscapeLeft UIInterfaceOrientationLandscapeRight";
				LD_RUNPATH_SEARCH_PATHS = (
					"$(inherited)",
					"@executable_path/Frameworks",
				);
				MARKETING_VERSION = 1.0;
				PRODUCT_BUNDLE_IDENTIFIER = com.jordanfraughton.PhotoPickerDay77;
				PRODUCT_NAME = "$(TARGET_NAME)";
				SWIFT_EMIT_LOC_STRINGS = YES;
				SWIFT_VERSION = 5.0;
				TARGETED_DEVICE_FAMILY = "1,2";
			};
			name = Release;
		};
/* End XCBuildConfiguration section */

/* Begin XCConfigurationList section */
		A96695E72C89F3C60038FBB4 /* Build configuration list for PBXProject "PhotoPickerDay77" */ = {
			isa = XCConfigurationList;
			buildConfigurations = (
				A96695F82C89F3C80038FBB4 /* Debug */,
				A96695F92C89F3C80038FBB4 /* Release */,
			);
			defaultConfigurationIsVisible = 0;
			defaultConfigurationName = Release;
		};
		A96695FA2C89F3C80038FBB4 /* Build configuration list for PBXNativeTarget "PhotoPickerDay77" */ = {
			isa = XCConfigurationList;
			buildConfigurations = (
				A96695FB2C89F3C80038FBB4 /* Debug */,
				A96695FC2C89F3C80038FBB4 /* Release */,
			);
			defaultConfigurationIsVisible = 0;
			defaultConfigurationName = Release;
		};
/* End XCConfigurationList section */
	};
	rootObject = A96695E42C89F3C60038FBB4 /* Project object */;
}
